{
  "version": 4,
  "terraform_version": "1.5.0",
  "serial": 118,
  "lineage": "ebc34d9b-83b8-1adc-c09c-232ccbf1c761",
  "outputs": {
    "filestore_ip": {
      "value": "pvc-9898",
      "type": "string"
    },
    "kubernetes_cluster_host": {
      "value": "34.122.202.245",
      "type": "string"
    },
    "kubernetes_cluster_name": {
      "value": "k8s-assignment-cluster",
      "type": "string"
    },
    "project_id": {
      "value": "csci5409b00914208",
      "type": "string"
    },
    "region": {
      "value": "us-central1-c",
      "type": "string"
    }
  },
  "resources": [
    {
      "mode": "managed",
      "type": "google_artifact_registry_repository",
      "name": "app1-repo-name",
      "provider": "provider[\"registry.terraform.io/hashicorp/google-beta\"]",
      "instances": [
        {
          "schema_version": 0,
          "attributes": {
            "create_time": "2023-06-17T04:58:18.406224Z",
            "description": "app1 docker repository",
            "docker_config": [],
            "format": "DOCKER",
            "id": "projects/csci5409b00914208/locations/us-central1/repositories/app1-repo",
            "kms_key_name": "",
            "labels": null,
            "location": "us-central1",
            "maven_config": [],
            "mode": "STANDARD_REPOSITORY",
            "name": "app1-repo",
            "project": "csci5409b00914208",
            "remote_repository_config": [],
            "repository_id": "app1-repo",
            "timeouts": null,
            "update_time": "2023-06-17T04:58:18.406224Z",
            "virtual_repository_config": []
          },
          "sensitive_attributes": [],
          "private": "eyJlMmJmYjczMC1lY2FhLTExZTYtOGY4OC0zNDM2M2JjN2M0YzAiOnsiY3JlYXRlIjoxMjAwMDAwMDAwMDAwLCJkZWxldGUiOjEyMDAwMDAwMDAwMDAsInVwZGF0ZSI6MTIwMDAwMDAwMDAwMH19"
        }
      ]
    },
    {
      "mode": "managed",
      "type": "google_artifact_registry_repository",
      "name": "app2-repo-name",
      "provider": "provider[\"registry.terraform.io/hashicorp/google-beta\"]",
      "instances": [
        {
          "schema_version": 0,
          "attributes": {
            "create_time": "2023-06-17T04:58:18.234387Z",
            "description": "app2 docker repository",
            "docker_config": [],
            "format": "DOCKER",
            "id": "projects/csci5409b00914208/locations/us-central1/repositories/app2-repo",
            "kms_key_name": "",
            "labels": null,
            "location": "us-central1",
            "maven_config": [],
            "mode": "STANDARD_REPOSITORY",
            "name": "app2-repo",
            "project": "csci5409b00914208",
            "remote_repository_config": [],
            "repository_id": "app2-repo",
            "timeouts": null,
            "update_time": "2023-06-17T04:58:18.234387Z",
            "virtual_repository_config": []
          },
          "sensitive_attributes": [],
          "private": "eyJlMmJmYjczMC1lY2FhLTExZTYtOGY4OC0zNDM2M2JjN2M0YzAiOnsiY3JlYXRlIjoxMjAwMDAwMDAwMDAwLCJkZWxldGUiOjEyMDAwMDAwMDAwMDAsInVwZGF0ZSI6MTIwMDAwMDAwMDAwMH19"
        }
      ]
    },
    {
      "mode": "managed",
      "type": "google_compute_network",
      "name": "vpc",
      "provider": "provider[\"registry.terraform.io/hashicorp/google\"]",
      "instances": [
        {
          "schema_version": 0,
          "attributes": {
            "auto_create_subnetworks": false,
            "delete_default_routes_on_create": false,
            "description": "",
            "enable_ula_internal_ipv6": false,
            "gateway_ipv4": "",
            "id": "projects/csci5409b00914208/global/networks/csci5409b00914208-vpc",
            "internal_ipv6_range": "",
            "mtu": 0,
            "name": "csci5409b00914208-vpc",
            "project": "csci5409b00914208",
            "routing_mode": "REGIONAL",
            "self_link": "https://www.googleapis.com/compute/v1/projects/csci5409b00914208/global/networks/csci5409b00914208-vpc",
            "timeouts": null
          },
          "sensitive_attributes": [],
          "private": "eyJlMmJmYjczMC1lY2FhLTExZTYtOGY4OC0zNDM2M2JjN2M0YzAiOnsiY3JlYXRlIjoxMjAwMDAwMDAwMDAwLCJkZWxldGUiOjEyMDAwMDAwMDAwMDAsInVwZGF0ZSI6MTIwMDAwMDAwMDAwMH19"
        }
      ]
    },
    {
      "mode": "managed",
      "type": "google_compute_subnetwork",
      "name": "subnet",
      "provider": "provider[\"registry.terraform.io/hashicorp/google\"]",
      "instances": [
        {
          "schema_version": 0,
          "attributes": {
            "creation_timestamp": "2023-06-16T21:58:39.618-07:00",
            "description": "",
            "external_ipv6_prefix": "",
            "fingerprint": null,
            "gateway_address": "10.10.0.1",
            "id": "projects/csci5409b00914208/regions/us-central1/subnetworks/csci5409b00914208-subnet",
            "ip_cidr_range": "10.10.0.0/24",
            "ipv6_access_type": "",
            "ipv6_cidr_range": "",
            "log_config": [],
            "name": "csci5409b00914208-subnet",
            "network": "https://www.googleapis.com/compute/v1/projects/csci5409b00914208/global/networks/csci5409b00914208-vpc",
            "private_ip_google_access": false,
            "private_ipv6_google_access": "DISABLE_GOOGLE_ACCESS",
            "project": "csci5409b00914208",
            "purpose": "PRIVATE",
            "region": "us-central1",
            "role": "",
            "secondary_ip_range": [],
            "self_link": "https://www.googleapis.com/compute/v1/projects/csci5409b00914208/regions/us-central1/subnetworks/csci5409b00914208-subnet",
            "stack_type": "IPV4_ONLY",
            "timeouts": null
          },
          "sensitive_attributes": [],
          "private": "eyJlMmJmYjczMC1lY2FhLTExZTYtOGY4OC0zNDM2M2JjN2M0YzAiOnsiY3JlYXRlIjoxMjAwMDAwMDAwMDAwLCJkZWxldGUiOjEyMDAwMDAwMDAwMDAsInVwZGF0ZSI6MTIwMDAwMDAwMDAwMH19",
          "dependencies": [
            "google_compute_network.vpc"
          ]
        }
      ]
    },
    {
      "mode": "managed",
      "type": "google_container_cluster",
      "name": "primary",
      "provider": "provider[\"registry.terraform.io/hashicorp/google\"]",
      "instances": [
        {
          "schema_version": 1,
          "attributes": {
            "addons_config": [
              {
                "cloudrun_config": [],
                "gcp_filestore_csi_driver_config": [
                  {
                    "enabled": true
                  }
                ],
                "horizontal_pod_autoscaling": [],
                "http_load_balancing": [],
                "network_policy_config": [
                  {
                    "disabled": true
                  }
                ]
              }
            ],
            "authenticator_groups_config": [],
            "cluster_autoscaling": [
              {
                "auto_provisioning_defaults": [],
                "enabled": false,
                "resource_limits": []
              }
            ],
            "cluster_ipv4_cidr": "10.220.0.0/14",
            "confidential_nodes": [],
            "database_encryption": [
              {
                "key_name": "",
                "state": "DECRYPTED"
              }
            ],
            "datapath_provider": "",
            "default_max_pods_per_node": null,
            "default_snat_status": [
              {
                "disabled": false
              }
            ],
            "description": "",
            "dns_config": [],
            "enable_autopilot": false,
            "enable_binary_authorization": false,
            "enable_intranode_visibility": false,
            "enable_kubernetes_alpha": false,
            "enable_legacy_abac": false,
            "enable_shielded_nodes": true,
            "enable_tpu": false,
            "endpoint": "34.122.202.245",
            "id": "projects/csci5409b00914208/locations/us-central1-c/clusters/k8s-assignment-cluster",
            "initial_node_count": 3,
            "ip_allocation_policy": [],
            "label_fingerprint": "a9dc16a7",
            "location": "us-central1-c",
            "logging_config": [
              {
                "enable_components": [
                  "SYSTEM_COMPONENTS",
                  "WORKLOADS"
                ]
              }
            ],
            "logging_service": "logging.googleapis.com/kubernetes",
            "maintenance_policy": [],
            "master_auth": [
              {
                "client_certificate": "",
                "client_certificate_config": [
                  {
                    "issue_client_certificate": false
                  }
                ],
                "client_key": "",
                "cluster_ca_certificate": "LS0tLS1CRUdJTiBDRVJUSUZJQ0FURS0tLS0tCk1JSUVMVENDQXBXZ0F3SUJBZ0lSQUpxYVQwL1BXSTJPcWttTzhlQmVkQTB3RFFZSktvWklodmNOQVFFTEJRQXcKTHpFdE1Dc0dBMVVFQXhNa1kyUTBPR1l3WkRZdE9UaGpOeTAwWmpjNUxXSTJOVFV0WkRobVpXRXhZV1JrTW1VMApNQ0FYRFRJek1EWXhOekF6TlRnMU1Wb1lEekl3TlRNd05qQTVNRFExT0RVeFdqQXZNUzB3S3dZRFZRUURFeVJqClpEUTRaakJrTmkwNU9HTTNMVFJtTnprdFlqWTFOUzFrT0dabFlURmhaR1F5WlRRd2dnR2lNQTBHQ1NxR1NJYjMKRFFFQkFRVUFBNElCandBd2dnR0tBb0lCZ1FESXROWnpCVlRrWlEwbEs4aVFkSDFKN0dxKzdxMXFsdWZJYWdFdwp1ZUlzaGtVbTVMbjVobG5qSllIcW1tN2RVOERjWWk2QTRzOWpqODZGRGJkQjV5c0FRUHJVaEJGS1FITlpFdDY5CjkvK3pJc0hiNUR3UmkxMXp3L0ZvUXpZZlpXTTZ1bVRmTUtQQ1lYN3VnbnlPbmpxaG5NTWJsbmI0NjRiOFUzSUMKT1VHekdhVk5LRUJPN3h6bWRPNkx0bERTWVc0RGpqK3MyTlFZSVowUFhCRzV1RTZ1WlNmbUVpSXkwaENWSXNldwovZG1GUUJRWGN5OHFMaG1sTHgrQ01KSXRsM0NBQ2kvVEROUGdtbGlJYjVPMlBvSS9aK05UcjdnYVIvM3Q3ekNtCkZacXVHYmtMRDlIeEI4WTNWVmZpRUJnTEUxekRTb05kakVOUU5nMENBSGNtMVpMSVo2cmZMRG1WSHZJWGpkeTQKN2J4MlM2WVQ1R01LQmdaWjlNOEJZb3RiZmNLUi9WQ1dvNzZ4dm9TeEEzdCs4bUcwSU1kWFpwQ3ZCeWlRcWJzWgptTzRKQXRock83dlFFNnIyMDBWUjM5YSs2OTRnNjhOcFdDdWQ1NXdBS1RpZ0ZPd0s3bWdxeEdTY3VnZXhDQVl2CjBWazMvaGxVSXMyODAxM25ROVhUL0VuOTVFMENBd0VBQWFOQ01FQXdEZ1lEVlIwUEFRSC9CQVFEQWdJRU1BOEcKQTFVZEV3RUIvd1FGTUFNQkFmOHdIUVlEVlIwT0JCWUVGS251UGlNYlB3Mkg0WFNqQXZUakNxMmZodWZ4TUEwRwpDU3FHU0liM0RRRUJDd1VBQTRJQmdRQ1NSZVd2cWlNWHFCRTFuR3ZWMS9Mc0orNHRNVS9CZjRjUElZVFZzemJmCkJiT3VaTTBIcGZsUG1xYjdqYUN5R1VSNk9yNGJld0xMUHpUTEsvaXNMRElUK1NyZmdsVVpQa0RJdTJnV2toNW0KaXg2VXNkTU11TExWQUR1d01pbktRWlcxaGQ5L2gySEZRQVphanI2ZzlhWGxVaHBzOUZLSmlRdEIxMjJKMmVhWQo0dEsxMHc2QlBFb0dLSjI3SXozS0l4MjdSQStGeWNSZFhFNzFMVVBPU1BWbkcrRWNNSHBBcHNza1A4TElwTEFnCkJ4WXhrU1Y0bENLbFR1M0s3aUlEcmhBNlJPSEdaSnBva3NDTDRyYll3K2pQYkZGS1JzdDlpVWMzS2kzalh2Zi8KY2FkNHdBYnhiS2ttMmducU5mZHg2a3lwN0lzckgzbGZ3V29rQ1lqVjJjS1ZLWVNiWU1zYy9vYTdBK0MzeUdyYgpSSzkyU3BadjRsMmFrcWpKZ2dlVXNxcnFJRFdJb0VSQ0dRZldXNHdxdDJGdHdNVEdVS0RQa3F0TkFxWVluV1IrCjNZUDIxYVdLdUt0aWFKK25aMnk1WXpEU3dMN0UvbTUyeWRpcCtyci85bnAzTDRYMDN0YmdQYUwybHBwS0Z4emEKYkgxcjZqRnlRSVBQTEUwOTJDbDVIQXM9Ci0tLS0tRU5EIENFUlRJRklDQVRFLS0tLS0K"
              }
            ],
            "master_authorized_networks_config": [],
            "master_version": "1.25.8-gke.1000",
            "min_master_version": null,
            "monitoring_config": [
              {
                "enable_components": [
                  "SYSTEM_COMPONENTS"
                ]
              }
            ],
            "monitoring_service": "monitoring.googleapis.com/kubernetes",
            "name": "k8s-assignment-cluster",
            "network": "projects/csci5409b00914208/global/networks/csci5409b00914208-vpc",
            "network_policy": [
              {
                "enabled": false,
                "provider": "PROVIDER_UNSPECIFIED"
              }
            ],
            "networking_mode": "ROUTES",
            "node_config": [
              {
                "boot_disk_kms_key": "",
                "disk_size_gb": 100,
                "disk_type": "pd-balanced",
                "gcfs_config": [],
                "guest_accelerator": [],
                "gvnic": [],
                "image_type": "COS_CONTAINERD",
                "labels": {},
                "local_ssd_count": 0,
                "machine_type": "e2-medium",
                "metadata": {
                  "disable-legacy-endpoints": "true"
                },
                "min_cpu_platform": "",
                "node_group": "",
                "oauth_scopes": [
                  "https://www.googleapis.com/auth/devstorage.read_only",
                  "https://www.googleapis.com/auth/logging.write",
                  "https://www.googleapis.com/auth/monitoring",
                  "https://www.googleapis.com/auth/service.management.readonly",
                  "https://www.googleapis.com/auth/servicecontrol",
                  "https://www.googleapis.com/auth/trace.append"
                ],
                "preemptible": false,
                "service_account": "default",
                "shielded_instance_config": [
                  {
                    "enable_integrity_monitoring": true,
                    "enable_secure_boot": false
                  }
                ],
                "spot": false,
                "tags": [],
                "taint": [],
                "workload_metadata_config": []
              }
            ],
            "node_locations": [],
            "node_pool": [
              {
                "autoscaling": [],
                "initial_node_count": 3,
                "instance_group_urls": [
                  "https://www.googleapis.com/compute/v1/projects/csci5409b00914208/zones/us-central1-c/instanceGroupManagers/gke-k8s-assignment-clust-default-pool-c12038a6-grp"
                ],
                "managed_instance_group_urls": [
                  "https://www.googleapis.com/compute/v1/projects/csci5409b00914208/zones/us-central1-c/instanceGroups/gke-k8s-assignment-clust-default-pool-c12038a6-grp"
                ],
                "management": [
                  {
                    "auto_repair": true,
                    "auto_upgrade": true
                  }
                ],
                "max_pods_per_node": 0,
                "name": "default-pool",
                "name_prefix": "",
                "node_config": [
                  {
                    "boot_disk_kms_key": "",
                    "disk_size_gb": 100,
                    "disk_type": "pd-balanced",
                    "gcfs_config": [],
                    "guest_accelerator": [],
                    "gvnic": [],
                    "image_type": "COS_CONTAINERD",
                    "labels": {},
                    "local_ssd_count": 0,
                    "machine_type": "e2-medium",
                    "metadata": {
                      "disable-legacy-endpoints": "true"
                    },
                    "min_cpu_platform": "",
                    "node_group": "",
                    "oauth_scopes": [
                      "https://www.googleapis.com/auth/devstorage.read_only",
                      "https://www.googleapis.com/auth/logging.write",
                      "https://www.googleapis.com/auth/monitoring",
                      "https://www.googleapis.com/auth/service.management.readonly",
                      "https://www.googleapis.com/auth/servicecontrol",
                      "https://www.googleapis.com/auth/trace.append"
                    ],
                    "preemptible": false,
                    "service_account": "default",
                    "shielded_instance_config": [
                      {
                        "enable_integrity_monitoring": true,
                        "enable_secure_boot": false
                      }
                    ],
                    "spot": false,
                    "tags": [],
                    "taint": [],
                    "workload_metadata_config": []
                  }
                ],
                "node_count": 3,
                "node_locations": [
                  "us-central1-c"
                ],
                "upgrade_settings": [
                  {
                    "max_surge": 1,
                    "max_unavailable": 0
                  }
                ],
                "version": "1.25.8-gke.1000"
              }
            ],
            "node_version": "1.25.8-gke.1000",
            "operation": null,
            "private_cluster_config": [
              {
                "enable_private_endpoint": false,
                "enable_private_nodes": false,
                "master_global_access_config": [
                  {
                    "enabled": false
                  }
                ],
                "master_ipv4_cidr_block": "",
                "peering_name": "",
                "private_endpoint": "10.10.0.2",
                "public_endpoint": "34.122.202.245"
              }
            ],
            "private_ipv6_google_access": "",
            "project": "csci5409b00914208",
            "release_channel": [
              {
                "channel": "REGULAR"
              }
            ],
            "remove_default_node_pool": false,
            "resource_labels": null,
            "resource_usage_export_config": [],
            "self_link": "https://container.googleapis.com/v1/projects/csci5409b00914208/zones/us-central1-c/clusters/k8s-assignment-cluster",
            "services_ipv4_cidr": "10.223.240.0/20",
            "subnetwork": "projects/csci5409b00914208/regions/us-central1/subnetworks/csci5409b00914208-subnet",
            "timeouts": null,
            "tpu_ipv4_cidr_block": "",
            "vertical_pod_autoscaling": [],
            "workload_identity_config": []
          },
          "sensitive_attributes": [],
          "private": "eyJlMmJmYjczMC1lY2FhLTExZTYtOGY4OC0zNDM2M2JjN2M0YzAiOnsiY3JlYXRlIjoyNDAwMDAwMDAwMDAwLCJkZWxldGUiOjI0MDAwMDAwMDAwMDAsInJlYWQiOjI0MDAwMDAwMDAwMDAsInVwZGF0ZSI6MzYwMDAwMDAwMDAwMH0sInNjaGVtYV92ZXJzaW9uIjoiMSJ9",
          "dependencies": [
            "google_compute_network.vpc",
            "google_compute_subnetwork.subnet"
          ]
        }
      ]
    },
    {
      "mode": "managed",
      "type": "google_filestore_instance",
      "name": "primary",
      "provider": "provider[\"registry.terraform.io/hashicorp/google\"]",
      "instances": [
        {
          "schema_version": 1,
          "attributes": {
            "create_time": "2023-06-17T04:58:40.105927373Z",
            "description": "",
            "etag": "",
            "file_shares": [
              {
                "capacity_gb": 1024,
                "name": "vol1",
                "nfs_export_options": []
              }
            ],
            "id": "projects/csci5409b00914208/locations/us-central1-c/instances/pvc-9898",
            "kms_key_name": "",
            "labels": null,
            "location": "us-central1-c",
            "name": "pvc-9898",
            "networks": [
              {
                "connect_mode": "DIRECT_PEERING",
                "ip_addresses": [
                  "10.143.126.138"
                ],
                "modes": [
                  "MODE_IPV4"
                ],
                "network": "csci5409b00914208-vpc",
                "reserved_ip_range": "10.143.126.136/29"
              }
            ],
            "project": "csci5409b00914208",
            "tier": "STANDARD",
            "timeouts": null,
            "zone": null
          },
          "sensitive_attributes": [],
          "private": "eyJlMmJmYjczMC1lY2FhLTExZTYtOGY4OC0zNDM2M2JjN2M0YzAiOnsiY3JlYXRlIjoxMjAwMDAwMDAwMDAwLCJkZWxldGUiOjEyMDAwMDAwMDAwMDAsInVwZGF0ZSI6MTIwMDAwMDAwMDAwMH0sInNjaGVtYV92ZXJzaW9uIjoiMSJ9",
          "dependencies": [
            "google_compute_network.vpc"
          ]
        }
      ]
    }
  ],
  "check_results": null
}
